# This file is autogenerated, do not edit; changes may be undone by the next 'dep ensure'.


[[projects]]
  branch = "master"
  digest = "1:6da51e5ec493ad2b44cb04129e2d0a068c8fb9bd6cb5739d199573558696bb94"
  name = "github.com/Azure/go-ansiterm"
  packages = [
    ".",
    "winterm",
  ]
  pruneopts = "UT"
  revision = "d6e3b3328b783f23731bc4d058875b0371ff8109"

[[projects]]
  digest = "1:b16fbfbcc20645cb419f78325bb2e85ec729b338e996a228124d68931a6f2a37"
  name = "github.com/BurntSushi/toml"
  packages = ["."]
  pruneopts = "UT"
  revision = "b26d9c308763d68093482582cea63d69be07a0f0"
  version = "v0.3.0"

[[projects]]
  digest = "1:ac7c48ecc5cbbb755b01af0393838a43b51acf4d68bebde2ce5188459fd64011"
  name = "github.com/CognitionFoundry/gohfc"
  packages = ["."]
  pruneopts = "UT"
  revision = "d7dd76922f8327d40da0ed4a362e77fe1d10f082"
  source = "git@github.com:dimaxgl/gohfc.git"

[[projects]]
  digest = "1:5d3e23515e7916c152cc665eda0f7eaf6fdf8fdfe7c3dbac97049bcbd649b33f"
  name = "github.com/Knetic/govaluate"
  packages = ["."]
  pruneopts = "UT"
  revision = "d216395917cc49052c7c7094cf57f09657ca08a8"
  version = "v3.0.0"

[[projects]]
  digest = "1:bf42be3cb1519bf8018dfd99720b1005ee028d947124cab3ccf965da59381df6"
  name = "github.com/Microsoft/go-winio"
  packages = ["."]
  pruneopts = "UT"
  revision = "7da180ee92d8bd8bb8c37fc560e673e6557c392f"
  version = "v0.4.7"

[[projects]]
  branch = "master"
  digest = "1:3721a10686511b80c052323423f0de17a8c06d417dbdd3b392b1578432a33aae"
  name = "github.com/Nvveen/Gotty"
  packages = ["."]
  pruneopts = "UT"
  revision = "cd527374f1e5bff4938207604a14f2e38a9cf512"

[[projects]]
  digest = "1:66b8ed452b31eb9075bc53295952487c333a9cb555de57ed61f5664c058d9050"
  name = "github.com/Shopify/sarama"
  packages = ["."]
  pruneopts = "UT"
  revision = "35324cf48e33d8260e1c7c18854465a904ade249"
  version = "v1.17.0"

[[projects]]
  digest = "1:c2f899c5cd45f16d95ad1a570084e1559647909d977e23574f995bcd29652fba"
  name = "github.com/cloudflare/cfssl"
  packages = [
    "auth",
    "certdb",
    "config",
    "crypto/pkcs7",
    "csr",
    "errors",
    "helpers",
    "helpers/derhelpers",
    "info",
    "log",
    "ocsp/config",
    "signer",
  ]
  pruneopts = "UT"
  revision = "5d63dbd981b5c408effbb58c442d54761ff94fbd"
  version = "1.3.2"

[[projects]]
  branch = "master"
  digest = "1:fc8dbcc2a5de7c093e167828ebbdf551641761d2ad75431d3a167d467a264115"
  name = "github.com/containerd/continuity"
  packages = ["pathdriver"]
  pruneopts = "UT"
  revision = "a60600ad77f38aaa70165825f61e2ea72e51c9b1"

[[projects]]
  digest = "1:a2c1d0e43bd3baaa071d1b9ed72c27d78169b2b269f71c105ac4ba34b1be4a39"
  name = "github.com/davecgh/go-spew"
  packages = ["spew"]
  pruneopts = "UT"
  revision = "346938d642f2ec3594ed81d874461961cd0faa76"
  version = "v1.1.0"

[[projects]]
  branch = "master"
  digest = "1:952ded441fbbf6e2924a828eb3c195b8eb14b2f73e08f9bfac3feb94bcc2e72f"
  name = "github.com/docker/docker"
  packages = [
    "api/types",
    "api/types/blkiodev",
    "api/types/container",
    "api/types/filters",
    "api/types/mount",
    "api/types/network",
    "api/types/registry",
    "api/types/strslice",
    "api/types/swarm",
    "api/types/swarm/runtime",
    "api/types/versions",
    "opts",
    "pkg/archive",
    "pkg/fileutils",
    "pkg/homedir",
    "pkg/idtools",
    "pkg/ioutils",
    "pkg/jsonmessage",
    "pkg/longpath",
    "pkg/mount",
    "pkg/pools",
    "pkg/stdcopy",
    "pkg/system",
    "pkg/term",
    "pkg/term/windows",
  ]
  pruneopts = "UT"
  revision = "aa2d23a7357d4e827391705b8796a59df78c466d"

[[projects]]
  digest = "1:87dcb59127512b84097086504c16595cf8fef35b9e0bfca565dfc06e198158d7"
  name = "github.com/docker/go-connections"
  packages = ["nat"]
  pruneopts = "UT"
  revision = "3ede32e2033de7505e6500d6c868c2b9ed9f169d"
  version = "v0.3.0"

[[projects]]
  digest = "1:6f82cacd0af5921e99bf3f46748705239b36489464f4529a1589bc895764fb18"
  name = "github.com/docker/go-units"
  packages = ["."]
  pruneopts = "UT"
  revision = "47565b4f722fb6ceae66b95f853feed578a4a51c"
  version = "v0.3.3"

[[projects]]
  branch = "master"
  digest = "1:00d0d550a1f1d7ca03270ebc1e136f21f6b9dab37f0c37e9a90d56d2f7afcff9"
  name = "github.com/docker/libnetwork"
  packages = ["ipamutils"]
  pruneopts = "UT"
  revision = "19279f0492417475b6bfbd0aa529f73e8f178fb5"

[[projects]]
  digest = "1:1f0c7ab489b407a7f8f9ad16c25a504d28ab461517a971d341388a56156c1bd7"
  name = "github.com/eapache/go-resiliency"
  packages = ["breaker"]
  pruneopts = "UT"
  revision = "ea41b0fad31007accc7f806884dcdf3da98b79ce"
  version = "v1.1.0"

[[projects]]
  branch = "master"
  digest = "1:0448d1c1a596941c608762912fe7c865f88d9ffa45afb8af1edcf1401762bf7e"
  name = "github.com/eapache/go-xerial-snappy"
  packages = ["."]
  pruneopts = "UT"
  revision = "040cc1a32f578808623071247fdbd5cc43f37f5f"

[[projects]]
  digest = "1:444b82bfe35c83bbcaf84e310fb81a1f9ece03edfed586483c869e2c046aef69"
  name = "github.com/eapache/queue"
  packages = ["."]
  pruneopts = "UT"
  revision = "44cc805cf13205b55f69e14bcb69867d1ae92f98"
  version = "v1.1.0"

[[projects]]
  digest = "1:ef99b8925cb8a662a4cc98bb84cc3b431e45b8d8570957b9a2d053b467b9ec03"
  name = "github.com/fsouza/go-dockerclient"
  packages = ["."]
  pruneopts = "UT"
  revision = "ca33ff277b527ce11b793e62f9ba244129b01caf"
  version = "v1.2.0"

[[projects]]
  digest = "1:9a688317f3231e0175b3429033f44411906c0ce119361b7b5019d01375f8cff7"
  name = "github.com/gogo/protobuf"
  packages = ["proto"]
  pruneopts = "UT"
  revision = "1adfc126b41513cc696b209667c8656ea7aac67c"
  version = "v1.0.0"

[[projects]]
  branch = "master"
  digest = "1:3fb07f8e222402962fa190eb060608b34eddfb64562a18e2167df2de0ece85d8"
  name = "github.com/golang/groupcache"
  packages = ["lru"]
  pruneopts = "UT"
  revision = "24b0969c4cb722950103eed87108c8d291a8df00"

[[projects]]
  branch = "master"
  digest = "1:aeabfde768e9d27db26f8593f3574f3ed21cc5b9cc03f97a55481b37dd50934c"
  name = "github.com/golang/protobuf"
  packages = [
    "proto",
    "ptypes",
    "ptypes/any",
    "ptypes/duration",
    "ptypes/empty",
    "ptypes/timestamp",
  ]
  pruneopts = "UT"
  revision = "05f48f4eaf0e05663b562bab533cdd472238ce29"

[[projects]]
  branch = "master"
  digest = "1:4a0c6bb4805508a6287675fac876be2ac1182539ca8a32468d8128882e9d5009"
  name = "github.com/golang/snappy"
  packages = ["."]
  pruneopts = "UT"
  revision = "2e65f85255dbc3072edf28d6b5b8efc472979f5a"

[[projects]]
  digest = "1:fabe4bb8fadac9fd769267f14316ed84a86cd49e722c5e65f4881ae0082bf76f"
  name = "github.com/google/certificate-transparency-go"
  packages = [
    ".",
    "asn1",
    "tls",
    "x509",
    "x509/pkix",
  ]
  pruneopts = "UT"
  revision = "5ab67e519c93568ac3ee50fd6772a5bcf8aa460d"

[[projects]]
  branch = "master"
  digest = "1:32c0e96a63bd093eccf37db757fb314be5996f34de93969321c2cbef893a7bd6"
  name = "github.com/hashicorp/go-version"
  packages = ["."]
  pruneopts = "UT"
  revision = "270f2f71b1ee587f3b609f00f422b76a6b28f348"

[[projects]]
  branch = "master"
  digest = "1:964911b89592dd1a545eebb213a27c369cc16f9b7e3a873e5e433a36f84d0e2d"
  name = "github.com/hyperledger/fabric"
  packages = [
    "bccsp",
    "bccsp/factory",
    "bccsp/pkcs11",
    "bccsp/signer",
    "bccsp/sw",
    "bccsp/utils",
    "common/capabilities",
    "common/cauthdsl",
    "common/channelconfig",
    "common/config",
    "common/configtx",
    "common/configtx/test",
    "common/crypto",
    "common/deliver",
    "common/errors",
    "common/flogging",
    "common/genesis",
    "common/ledger",
    "common/ledger/blkstorage",
    "common/ledger/blkstorage/fsblkstorage",
    "common/ledger/blockledger",
    "common/ledger/blockledger/file",
    "common/ledger/util",
    "common/ledger/util/leveldbhelper",
    "common/localmsp",
    "common/metadata",
    "common/mocks/config",
    "common/mocks/configtx",
    "common/mocks/policies",
    "common/policies",
    "common/tools/configtxgen/configtxgentest",
    "common/tools/configtxgen/encoder",
    "common/tools/configtxgen/localconfig",
    "common/tools/configtxlator/update",
    "common/util",
    "common/viperutil",
    "core/aclmgmt",
    "core/aclmgmt/resources",
    "core/chaincode/platforms",
    "core/chaincode/platforms/car",
    "core/chaincode/platforms/ccmetadata",
    "core/chaincode/platforms/golang",
    "core/chaincode/platforms/java",
    "core/chaincode/platforms/node",
    "core/chaincode/platforms/util",
    "core/chaincode/shim",
    "core/comm",
    "core/committer",
    "core/committer/txvalidator",
    "core/common/ccpackage",
    "core/common/ccprovider",
    "core/common/privdata",
    "core/common/sysccprovider",
    "core/common/validation",
    "core/config",
    "core/config/configtest",
    "core/container/util",
    "core/deliverservice",
    "core/deliverservice/blocksprovider",
    "core/handlers/validation/api",
    "core/handlers/validation/api/capabilities",
    "core/handlers/validation/api/identities",
    "core/handlers/validation/api/state",
    "core/ledger",
    "core/ledger/cceventmgmt",
    "core/ledger/confighistory",
    "core/ledger/customtx",
    "core/ledger/kvledger",
    "core/ledger/kvledger/bookkeeping",
    "core/ledger/kvledger/history/historydb",
    "core/ledger/kvledger/history/historydb/historyleveldb",
    "core/ledger/kvledger/txmgmt/privacyenabledstate",
    "core/ledger/kvledger/txmgmt/pvtstatepurgemgmt",
    "core/ledger/kvledger/txmgmt/rwsetutil",
    "core/ledger/kvledger/txmgmt/statedb",
    "core/ledger/kvledger/txmgmt/statedb/statecouchdb",
    "core/ledger/kvledger/txmgmt/statedb/stateleveldb",
    "core/ledger/kvledger/txmgmt/txmgr",
    "core/ledger/kvledger/txmgmt/txmgr/lockbasedtxmgr",
    "core/ledger/kvledger/txmgmt/validator",
    "core/ledger/kvledger/txmgmt/validator/statebasedval",
    "core/ledger/kvledger/txmgmt/validator/valimpl",
    "core/ledger/kvledger/txmgmt/validator/valinternal",
    "core/ledger/kvledger/txmgmt/version",
    "core/ledger/ledgerconfig",
    "core/ledger/ledgermgmt",
    "core/ledger/ledgerstorage",
    "core/ledger/pvtdatapolicy",
    "core/ledger/pvtdatastorage",
    "core/ledger/util",
    "core/ledger/util/couchdb",
    "core/peer",
    "core/policy",
    "core/policyprovider",
    "core/scc/cscc",
    "core/scc/lscc",
    "core/scc/qscc",
    "core/transientstore",
    "events/producer",
    "gossip/api",
    "gossip/comm",
    "gossip/common",
    "gossip/discovery",
    "gossip/election",
    "gossip/filter",
    "gossip/gossip",
    "gossip/gossip/algo",
    "gossip/gossip/channel",
    "gossip/gossip/msgstore",
    "gossip/gossip/pull",
    "gossip/identity",
    "gossip/integration",
    "gossip/privdata",
    "gossip/service",
    "gossip/state",
    "gossip/util",
    "idemix",
    "integration/runner",
    "msp",
    "msp/cache",
    "msp/mgmt",
    "protos/common",
    "protos/gossip",
    "protos/ledger/queryresult",
    "protos/ledger/rwset",
    "protos/ledger/rwset/kvrwset",
    "protos/msp",
    "protos/orderer",
    "protos/peer",
    "protos/transientstore",
    "protos/utils",
  ]
  pruneopts = "UT"
  revision = "6eb36d3193ebb60e6346aab2fc82fe82dc58a9c9"

[[projects]]
  branch = "master"
  digest = "1:1787f0512309054888eeabe19450c41893a64ab68b7ba06083b5bcf7c103e7d4"
  name = "github.com/hyperledger/fabric-amcl"
  packages = [
    "amcl",
    "amcl/FP256BN",
  ]
  pruneopts = "UT"
  revision = "600b0c45a024131b326a41096da0559a9a7461fd"

[[projects]]
  digest = "1:ca955a9cd5b50b0f43d2cc3aeb35c951473eeca41b34eb67507f1dbcc0542394"
  name = "github.com/kr/pretty"
  packages = ["."]
  pruneopts = "UT"
  revision = "73f6ac0b30a98e433b289500d779f50c1a6f0712"
  version = "v0.1.0"

[[projects]]
  digest = "1:15b5cc79aad436d47019f814fde81a10221c740dc8ddf769221a65097fb6c2e9"
  name = "github.com/kr/text"
  packages = ["."]
  pruneopts = "UT"
  revision = "e2ffdb16a802fe2bb95e2e35ff34f0e53aeef34f"
  version = "v0.1.0"

[[projects]]
  digest = "1:c568d7727aa262c32bdf8a3f7db83614f7af0ed661474b24588de635c20024c7"
  name = "github.com/magiconair/properties"
  packages = ["."]
  pruneopts = "UT"
  revision = "c2353362d570a7bfa228149c62842019201cfb71"
  version = "v1.8.0"

[[projects]]
  branch = "master"
  digest = "1:47c399e7a41a3c4c5a4cb5b9c01bf54bec73e09a6980088736d2a3c25cbc5dbd"
  name = "github.com/miekg/pkcs11"
  packages = ["."]
  pruneopts = "UT"
  revision = "287d9350987cc9334667882061e202e96cdfb4d0"

[[projects]]
  branch = "master"
  digest = "1:e730597b38a4d56e2361e0b6236cb800e52c73cace2ff91396f4ff35792ddfa7"
  name = "github.com/mitchellh/mapstructure"
  packages = ["."]
  pruneopts = "UT"
  revision = "bb74f1db0675b241733089d5a1faa5dd8b0ef57b"

[[projects]]
  digest = "1:72f35d3e412bc67b121e15ea4c88a3b3da8bcbc2264339e7ffa4a1865799840c"
  name = "github.com/onsi/ginkgo"
  packages = [
    ".",
    "config",
    "internal/codelocation",
    "internal/containernode",
    "internal/failer",
    "internal/leafnodes",
    "internal/remote",
    "internal/spec",
    "internal/spec_iterator",
    "internal/specrunner",
    "internal/suite",
    "internal/testingtproxy",
    "internal/writer",
    "reporters",
    "reporters/stenographer",
    "reporters/stenographer/support/go-colorable",
    "reporters/stenographer/support/go-isatty",
    "types",
  ]
  pruneopts = "UT"
  revision = "fa5fabab2a1bfbd924faf4c067d07ae414e2aedf"
  version = "v1.5.0"

[[projects]]
  digest = "1:714c6da391ddef79e2a4f0a892352e203d554f95370fe2c16417071022bc5da1"
  name = "github.com/onsi/gomega"
  packages = [
    ".",
    "format",
    "gbytes",
    "gexec",
    "internal/assertion",
    "internal/asyncassertion",
    "internal/oraclematcher",
    "internal/testingtsupport",
    "matchers",
    "matchers/support/goraph/bipartitegraph",
    "matchers/support/goraph/edge",
    "matchers/support/goraph/node",
    "matchers/support/goraph/util",
    "types",
  ]
  pruneopts = "UT"
  revision = "62bff4df71bdbc266561a0caee19f0594b17c240"
  version = "v1.4.0"

[[projects]]
  branch = "master"
  digest = "1:41f3b549dbb8216e490c27926c09dc055aa509b3476e7cbc3317103990b13aeb"
  name = "github.com/op/go-logging"
  packages = ["."]
  pruneopts = "UT"
  revision = "970db520ece77730c7e4724c61121037378659d9"

[[projects]]
  digest = "1:ee4d4af67d93cc7644157882329023ce9a7bcfce956a079069a9405521c7cc8d"
  name = "github.com/opencontainers/go-digest"
  packages = ["."]
  pruneopts = "UT"
  revision = "279bed98673dd5bef374d3b6e4b09e2af76183bf"
  version = "v1.0.0-rc1"

[[projects]]
  digest = "1:11db38d694c130c800d0aefb502fb02519e514dc53d9804ce51d1ad25ec27db6"
  name = "github.com/opencontainers/image-spec"
  packages = [
    "specs-go",
    "specs-go/v1",
  ]
  pruneopts = "UT"
  revision = "d60099175f88c47cd379c4738d158884749ed235"
  version = "v1.0.1"

[[projects]]
  digest = "1:1869683e323ebff2bdf8adcb560f82bf6f8d94019d35099e3403f7df12e9c07e"
  name = "github.com/opencontainers/runc"
  packages = [
    "libcontainer/system",
    "libcontainer/user",
  ]
  pruneopts = "UT"
  revision = "baf6536d6259209c3edfa2b22237af82942d3dfa"
  version = "v0.1.1"

[[projects]]
  digest = "1:29803f52611cbcc1dfe55b456e9fdac362af7248b3d29d7ea1bec0a12e71dff4"
  name = "github.com/pierrec/lz4"
  packages = [
    ".",
    "internal/xxh32",
  ]
  pruneopts = "UT"
  revision = "1958fd8fff7f115e79725b1288e0b878b3e06b00"
  version = "v2.0.3"

[[projects]]
  branch = "master"
  digest = "1:3891cc78541df6e4596b3e73978eb062d32967084069270ec881b959be5155ae"
  name = "github.com/pkg/errors"
  packages = ["."]
  pruneopts = "UT"
  revision = "816c9085562cd7ee03e7f8188a1cfd942858cded"

[[projects]]
  digest = "1:0028cb19b2e4c3112225cd871870f2d9cf49b9b4276531f03438a88e94be86fe"
  name = "github.com/pmezard/go-difflib"
  packages = ["difflib"]
  pruneopts = "UT"
  revision = "792786c7400a136282c1664665ae0a8db921c6c2"
  version = "v1.0.0"

[[projects]]
  branch = "master"
  digest = "1:c4556a44e350b50a490544d9b06e9fba9c286c21d6c0e47f54f3a9214597298c"
  name = "github.com/rcrowley/go-metrics"
  packages = ["."]
  pruneopts = "UT"
  revision = "e2704e165165ec55d062f5919b4b29494e9fa790"

[[projects]]
  digest = "1:9e9193aa51197513b3abcb108970d831fbcf40ef96aa845c4f03276e1fa316d2"
  name = "github.com/sirupsen/logrus"
  packages = ["."]
  pruneopts = "UT"
  revision = "c155da19408a8799da419ed3eeb0cb5db0ad5dbc"
  version = "v1.0.5"

[[projects]]
  digest = "1:516e71bed754268937f57d4ecb190e01958452336fa73dbac880894164e91c1f"
  name = "github.com/spf13/cast"
  packages = ["."]
  pruneopts = "UT"
  revision = "8965335b8c7107321228e3e3702cab9832751bac"
  version = "v1.2.0"

[[projects]]
  branch = "master"
  digest = "1:080e5f630945ad754f4b920e60b4d3095ba0237ebf88dc462eb28002932e3805"
  name = "github.com/spf13/jwalterweatherman"
  packages = ["."]
  pruneopts = "UT"
  revision = "7c0cea34c8ece3fbeb2b27ab9b59511d360fb394"

[[projects]]
  digest = "1:9424f440bba8f7508b69414634aef3b2b3a877e522d8a4624692412805407bb7"
  name = "github.com/spf13/pflag"
  packages = ["."]
  pruneopts = "UT"
  revision = "583c0c0531f06d5278b7d917446061adc344b5cd"
  version = "v1.0.1"

[[projects]]
  digest = "1:8eac90acf58965d6b76248080861faf81423bae64a070ac81d0c49748a693260"
  name = "github.com/spf13/viper"
  packages = ["."]
  pruneopts = "UT"
  revision = "1967d93db724f4a5c0e101307e96d82ff520a067"

[[projects]]
  digest = "1:18752d0b95816a1b777505a97f71c7467a8445b8ffb55631a7bf779f6ba4fa83"
  name = "github.com/stretchr/testify"
  packages = ["assert"]
  pruneopts = "UT"
  revision = "f35b8ab0b5a2cef36673838d662e249dd9c94686"
  version = "v1.2.2"

[[projects]]
  branch = "master"
  digest = "1:b3cfb8d82b1601a846417c3f31c03a7961862cb2c98dcf0959c473843e6d9a2b"
  name = "github.com/syndtr/goleveldb"
  packages = [
    "leveldb",
    "leveldb/cache",
    "leveldb/comparer",
    "leveldb/errors",
    "leveldb/filter",
    "leveldb/iterator",
    "leveldb/journal",
    "leveldb/memdb",
    "leveldb/opt",
    "leveldb/storage",
    "leveldb/table",
    "leveldb/util",
  ]
  pruneopts = "UT"
  revision = "c4c61651e9e37fa117f53c5a906d3b63090d8445"

[[projects]]
  branch = "master"
  digest = "1:1f92051e09550dc60105f524a96a2260fcc007a6554ce929a936766cc4505142"
  name = "github.com/tedsuo/ifrit"
  packages = [
    ".",
    "ginkgomon",
  ]
  pruneopts = "UT"
  revision = "2a37a9eb7c3a18e2df8f98067b68de248c126871"

[[projects]]
  branch = "master"
  digest = "1:21a50de0824073cee7d4bbe2c0b91aee2d397bec6e82630a34e02cf6602fdaa2"
  name = "golang.org/x/crypto"
  packages = [
    "cryptobyte",
    "cryptobyte/asn1",
    "ocsp",
    "pkcs12",
    "pkcs12/internal/rc2",
    "sha3",
    "ssh/terminal",
  ]
  pruneopts = "UT"
  revision = "75e913eb8a8e3d31a97b216de09de106a7b07681"

[[projects]]
  branch = "master"
  digest = "1:8fa0b54214c761ade104225affc2aebe8248512297a57b81cab079cb6b4af094"
  name = "golang.org/x/net"
  packages = [
    "context",
    "context/ctxhttp",
    "html",
    "html/atom",
    "html/charset",
    "http/httpguts",
    "http2",
    "http2/hpack",
    "idna",
    "internal/timeseries",
    "trace",
  ]
  pruneopts = "UT"
  revision = "9ef9f5bb98a1fdc41f8cf6c250a4404b4085e389"

[[projects]]
  branch = "master"
  digest = "1:e0140c0c868c6e0f01c0380865194592c011fe521d6e12d78bfd33e756fe018a"
  name = "golang.org/x/sync"
  packages = ["semaphore"]
  pruneopts = "UT"
  revision = "1d60e4601c6fd243af51cc01ddf169918a5407ca"

[[projects]]
  branch = "master"
  digest = "1:51aac34be748e2895a8dc1de21b4493c921e600811675cd116da31dfb68898b4"
  name = "golang.org/x/sys"
  packages = [
    "unix",
    "windows",
  ]
  pruneopts = "UT"
  revision = "56ad15cc2170219c9fed5b7d059e825c97588071"

[[projects]]
  digest = "1:436b24586f8fee329e0dd65fd67c817681420cda1d7f934345c13fe78c212a73"
  name = "golang.org/x/text"
  packages = [
    "collate",
    "collate/build",
    "encoding",
    "encoding/charmap",
    "encoding/htmlindex",
    "encoding/internal",
    "encoding/internal/identifier",
    "encoding/japanese",
    "encoding/korean",
    "encoding/simplifiedchinese",
    "encoding/traditionalchinese",
    "encoding/unicode",
    "internal/colltab",
    "internal/gen",
    "internal/tag",
    "internal/triegen",
    "internal/ucd",
    "internal/utf8internal",
    "language",
    "runes",
    "secure/bidirule",
    "transform",
    "unicode/bidi",
    "unicode/cldr",
    "unicode/norm",
    "unicode/rangetable",
  ]
  pruneopts = "UT"
  revision = "f21a4dfb5e38f5895301dc265a8def02365cc3d0"
  version = "v0.3.0"

[[projects]]
  branch = "master"
  digest = "1:3c24554c312721e98fa6b76403e7100cf974eb46b1255ea7fc6471db9a9ce498"
  name = "google.golang.org/genproto"
  packages = ["googleapis/rpc/status"]
  pruneopts = "UT"
  revision = "694d95ba50e67b2e363f3483057db5d4910c18f9"

[[projects]]
  branch = "master"
  digest = "1:071762cf29783ecf0a33e368d19b7225c0441f52e7cf93077e7105f2d004e9c8"
  name = "google.golang.org/grpc"
  packages = [
    ".",
    "balancer",
    "balancer/base",
    "balancer/roundrobin",
    "codes",
    "connectivity",
    "credentials",
    "encoding",
    "encoding/proto",
    "grpclog",
    "internal",
    "internal/backoff",
    "internal/channelz",
    "internal/envconfig",
    "internal/grpcrand",
    "internal/transport",
    "keepalive",
    "metadata",
    "naming",
    "peer",
    "resolver",
    "resolver/dns",
    "resolver/passthrough",
    "stats",
    "status",
    "tap",
  ]
  pruneopts = "UT"
  revision = "9907ae0e57ce159e835381ed54eb271206bf7b12"

[[projects]]
  digest = "1:342378ac4dcb378a5448dd723f0784ae519383532f5e70ade24132c4c8693202"
  name = "gopkg.in/yaml.v2"
  packages = ["."]
  pruneopts = "UT"
  revision = "5420a8b6744d3b0345ab293f6fcba19c978f1183"
  version = "v2.2.1"

[solve-meta]
  analyzer-name = "dep"
  analyzer-version = 1
  input-imports = [
    "github.com/CognitionFoundry/gohfc",
    "github.com/cloudflare/cfssl/signer",
    "github.com/golang/protobuf/proto",
    "github.com/golang/protobuf/ptypes",
    "github.com/hyperledger/fabric/common/util",
    "github.com/hyperledger/fabric/core/chaincode/shim",
    "github.com/hyperledger/fabric/core/common/ccprovider",
    "github.com/hyperledger/fabric/core/ledger/util",
    "github.com/hyperledger/fabric/core/scc/cscc",
    "github.com/hyperledger/fabric/core/scc/lscc",
    "github.com/hyperledger/fabric/core/scc/qscc",
    "github.com/hyperledger/fabric/msp",
    "github.com/hyperledger/fabric/protos/common",
    "github.com/hyperledger/fabric/protos/msp",
    "github.com/hyperledger/fabric/protos/orderer",
    "github.com/hyperledger/fabric/protos/peer",
    "github.com/hyperledger/fabric/protos/utils",
    "github.com/mitchellh/mapstructure",
    "github.com/op/go-logging",
    "github.com/pkg/errors",
    "golang.org/x/crypto/sha3",
    "google.golang.org/grpc",
    "google.golang.org/grpc/connectivity",
    "google.golang.org/grpc/credentials",
    "google.golang.org/grpc/keepalive",
    "gopkg.in/yaml.v2",
  ]
  solver-name = "gps-cdcl"
  solver-version = 1
